
Microsoft Visual Studio Solution File, Format Version 12.00
# Visual Studio Version 16
VisualStudioVersion = 16.0.30804.86
MinimumVisualStudioVersion = 10.0.40219.1
Project("{888888A0-9F3D-457C-B088-3A5042F75D52}") = "parsec", "parsec\parsec.pyproj", "{C75B8DC6-E2A8-429D-8AB1-A0C28316E360}"
EndProject
Global
	GlobalSection(SolutionConfigurationPlatforms) = preSolution
		Debug|Any CPU = Debug|Any CPU
		Release|Any CPU = Release|Any CPU
	EndGlobalSection
	GlobalSection(ProjectConfigurationPlatforms) = postSolution
		{C75B8DC6-E2A8-429D-8AB1-A0C28316E360}.Debug|Any CPU.ActiveCfg = Debug|Any CPU
		{C75B8DC6-E2A8-429D-8AB1-A0C28316E360}.Release|Any CPU.ActiveCfg = Release|Any CPU
	EndGlobalSection
	GlobalSection(SolutionProperties) = preSolution
		HideSolutionNode = FALSE
	EndGlobalSection
	GlobalSection(ExtensibilityGlobals) = postSolution
		SolutionGuid = {FDE6D7C3-A407-484E-8277-52C15590E249}
	EndGlobalSection
EndGlobal
